
Microsoft Visual Studio Solution File, Format Version 12.00
# Visual Studio Version 17
VisualStudioVersion = 17.0.31903.59
MinimumVisualStudioVersion = 10.0.40219.1
Project("{FAE04EC0-301F-11D3-BF4B-00C04F79EFBC}") = "Duble.Core", "Duble.Core\Duble.Core.csproj", "{60318B15-7A73-43BE-B681-815C1895075F}"
EndProject
Project("{FAE04EC0-301F-11D3-BF4B-00C04F79EFBC}") = "CodeWalker.Core", "..\CodeWalker\CodeWalker.Core\CodeWalker.Core.csproj", "{2D6764F1-A754-412E-B868-ECDADFB3C60C}"
EndProject
Project("{FAE04EC0-301F-11D3-BF4B-00C04F79EFBC}") = "Duble.Cli", "Duble.Cli\Duble.Cli.csproj", "{1F245963-230F-47DF-958E-46D06AAC28B0}"
EndProject
Project("{FAE04EC0-301F-11D3-BF4B-00C04F79EFBC}") = "Duble.Tests", "Duble.Tests\Duble.Tests.csproj", "{BCA36017-AAD9-4E77-8509-1945FD900FCD}"
EndProject
Project("{FAE04EC0-301F-11D3-BF4B-00C04F79EFBC}") = "Duble.App", "Duble.App\Duble.App.csproj", "{685721FB-7225-431B-A09F-92F6D2C0D1BE}"
EndProject
Global
	GlobalSection(SolutionConfigurationPlatforms) = preSolution
		Debug|Any CPU = Debug|Any CPU
		Debug|x64 = Debug|x64
		Debug|x86 = Debug|x86
		Release|Any CPU = Release|Any CPU
		Release|x64 = Release|x64
		Release|x86 = Release|x86
	EndGlobalSection
	GlobalSection(ProjectConfigurationPlatforms) = postSolution
		{60318B15-7A73-43BE-B681-815C1895075F}.Debug|Any CPU.ActiveCfg = Debug|Any CPU
		{60318B15-7A73-43BE-B681-815C1895075F}.Debug|Any CPU.Build.0 = Debug|Any CPU
		{60318B15-7A73-43BE-B681-815C1895075F}.Debug|x64.ActiveCfg = Debug|Any CPU
		{60318B15-7A73-43BE-B681-815C1895075F}.Debug|x64.Build.0 = Debug|Any CPU
		{60318B15-7A73-43BE-B681-815C1895075F}.Debug|x86.ActiveCfg = Debug|Any CPU
		{60318B15-7A73-43BE-B681-815C1895075F}.Debug|x86.Build.0 = Debug|Any CPU
		{60318B15-7A73-43BE-B681-815C1895075F}.Release|Any CPU.ActiveCfg = Release|Any CPU
		{60318B15-7A73-43BE-B681-815C1895075F}.Release|Any CPU.Build.0 = Release|Any CPU
		{60318B15-7A73-43BE-B681-815C1895075F}.Release|x64.ActiveCfg = Release|Any CPU
		{60318B15-7A73-43BE-B681-815C1895075F}.Release|x64.Build.0 = Release|Any CPU
		{60318B15-7A73-43BE-B681-815C1895075F}.Release|x86.ActiveCfg = Release|Any CPU
		{60318B15-7A73-43BE-B681-815C1895075F}.Release|x86.Build.0 = Release|Any CPU
		{2D6764F1-A754-412E-B868-ECDADFB3C60C}.Debug|Any CPU.ActiveCfg = Debug|Any CPU
		{2D6764F1-A754-412E-B868-ECDADFB3C60C}.Debug|Any CPU.Build.0 = Debug|Any CPU
		{2D6764F1-A754-412E-B868-ECDADFB3C60C}.Debug|x64.ActiveCfg = Debug|Any CPU
		{2D6764F1-A754-412E-B868-ECDADFB3C60C}.Debug|x64.Build.0 = Debug|Any CPU
		{2D6764F1-A754-412E-B868-ECDADFB3C60C}.Debug|x86.ActiveCfg = Debug|Any CPU
		{2D6764F1-A754-412E-B868-ECDADFB3C60C}.Debug|x86.Build.0 = Debug|Any CPU
		{2D6764F1-A754-412E-B868-ECDADFB3C60C}.Release|Any CPU.ActiveCfg = Release|Any CPU
		{2D6764F1-A754-412E-B868-ECDADFB3C60C}.Release|Any CPU.Build.0 = Release|Any CPU
		{2D6764F1-A754-412E-B868-ECDADFB3C60C}.Release|x64.ActiveCfg = Release|Any CPU
		{2D6764F1-A754-412E-B868-ECDADFB3C60C}.Release|x64.Build.0 = Release|Any CPU
		{2D6764F1-A754-412E-B868-ECDADFB3C60C}.Release|x86.ActiveCfg = Release|Any CPU
		{2D6764F1-A754-412E-B868-ECDADFB3C60C}.Release|x86.Build.0 = Release|Any CPU
		{1F245963-230F-47DF-958E-46D06AAC28B0}.Debug|Any CPU.ActiveCfg = Debug|Any CPU
		{1F245963-230F-47DF-958E-46D06AAC28B0}.Debug|Any CPU.Build.0 = Debug|Any CPU
		{1F245963-230F-47DF-958E-46D06AAC28B0}.Debug|x64.ActiveCfg = Debug|Any CPU
		{1F245963-230F-47DF-958E-46D06AAC28B0}.Debug|x64.Build.0 = Debug|Any CPU
		{1F245963-230F-47DF-958E-46D06AAC28B0}.Debug|x86.ActiveCfg = Debug|Any CPU
		{1F245963-230F-47DF-958E-46D06AAC28B0}.Debug|x86.Build.0 = Debug|Any CPU
		{1F245963-230F-47DF-958E-46D06AAC28B0}.Release|Any CPU.ActiveCfg = Release|Any CPU
		{1F245963-230F-47DF-958E-46D06AAC28B0}.Release|Any CPU.Build.0 = Release|Any CPU
		{1F245963-230F-47DF-958E-46D06AAC28B0}.Release|x64.ActiveCfg = Release|Any CPU
		{1F245963-230F-47DF-958E-46D06AAC28B0}.Release|x64.Build.0 = Release|Any CPU
		{1F245963-230F-47DF-958E-46D06AAC28B0}.Release|x86.ActiveCfg = Release|Any CPU
		{1F245963-230F-47DF-958E-46D06AAC28B0}.Release|x86.Build.0 = Release|Any CPU
		{BCA36017-AAD9-4E77-8509-1945FD900FCD}.Debug|Any CPU.ActiveCfg = Debug|Any CPU
		{BCA36017-AAD9-4E77-8509-1945FD900FCD}.Debug|Any CPU.Build.0 = Debug|Any CPU
		{BCA36017-AAD9-4E77-8509-1945FD900FCD}.Debug|x64.ActiveCfg = Debug|Any CPU
		{BCA36017-AAD9-4E77-8509-1945FD900FCD}.Debug|x64.Build.0 = Debug|Any CPU
		{BCA36017-AAD9-4E77-8509-1945FD900FCD}.Debug|x86.ActiveCfg = Debug|Any CPU
		{BCA36017-AAD9-4E77-8509-1945FD900FCD}.Debug|x86.Build.0 = Debug|Any CPU
		{BCA36017-AAD9-4E77-8509-1945FD900FCD}.Release|Any CPU.ActiveCfg = Release|Any CPU
		{BCA36017-AAD9-4E77-8509-1945FD900FCD}.Release|Any CPU.Build.0 = Release|Any CPU
		{BCA36017-AAD9-4E77-8509-1945FD900FCD}.Release|x64.ActiveCfg = Release|Any CPU
		{BCA36017-AAD9-4E77-8509-1945FD900FCD}.Release|x64.Build.0 = Release|Any CPU
		{BCA36017-AAD9-4E77-8509-1945FD900FCD}.Release|x86.ActiveCfg = Release|Any CPU
		{BCA36017-AAD9-4E77-8509-1945FD900FCD}.Release|x86.Build.0 = Release|Any CPU
		{685721FB-7225-431B-A09F-92F6D2C0D1BE}.Debug|Any CPU.ActiveCfg = Debug|Any CPU
		{685721FB-7225-431B-A09F-92F6D2C0D1BE}.Debug|Any CPU.Build.0 = Debug|Any CPU
		{685721FB-7225-431B-A09F-92F6D2C0D1BE}.Debug|x64.ActiveCfg = Debug|Any CPU
		{685721FB-7225-431B-A09F-92F6D2C0D1BE}.Debug|x64.Build.0 = Debug|Any CPU
		{685721FB-7225-431B-A09F-92F6D2C0D1BE}.Debug|x86.ActiveCfg = Debug|Any CPU
		{685721FB-7225-431B-A09F-92F6D2C0D1BE}.Debug|x86.Build.0 = Debug|Any CPU
		{685721FB-7225-431B-A09F-92F6D2C0D1BE}.Release|Any CPU.ActiveCfg = Release|Any CPU
		{685721FB-7225-431B-A09F-92F6D2C0D1BE}.Release|Any CPU.Build.0 = Release|Any CPU
		{685721FB-7225-431B-A09F-92F6D2C0D1BE}.Release|x64.ActiveCfg = Release|Any CPU
		{685721FB-7225-431B-A09F-92F6D2C0D1BE}.Release|x64.Build.0 = Release|Any CPU
		{685721FB-7225-431B-A09F-92F6D2C0D1BE}.Release|x86.ActiveCfg = Release|Any CPU
		{685721FB-7225-431B-A09F-92F6D2C0D1BE}.Release|x86.Build.0 = Release|Any CPU
	EndGlobalSection
	GlobalSection(SolutionProperties) = preSolution
		HideSolutionNode = FALSE
	EndGlobalSection
EndGlobal
